
Microsoft Visual Studio Solution File, Format Version 12.00
# Visual Studio Version 17
VisualStudioVersion = 17.7.34009.444
MinimumVisualStudioVersion = 10.0.40219.1
Project("{9A19103F-16F7-4668-BE54-9A1E7A4F7556}") = "AutoStop", "AutoStop\AutoStop.csproj", "{9B9A04E5-CAC9-45F4-8D58-7D568351247C}"
EndProject
Global
	GlobalSection(SolutionConfigurationPlatforms) = preSolution
		Debug|x64 = Debug|x64
		Release|x64 = Release|x64
	EndGlobalSection
	GlobalSection(ProjectConfigurationPlatforms) = postSolution
		{9B9A04E5-CAC9-45F4-8D58-7D568351247C}.Debug|x64.ActiveCfg = Debug|x64
		{9B9A04E5-CAC9-45F4-8D58-7D568351247C}.Debug|x64.Build.0 = Debug|x64
		{9B9A04E5-CAC9-45F4-8D58-7D568351247C}.Release|x64.ActiveCfg = Release|x64
		{9B9A04E5-CAC9-45F4-8D58-7D568351247C}.Release|x64.Build.0 = Release|x64
	EndGlobalSection
	GlobalSection(SolutionProperties) = preSolution
		HideSolutionNode = FALSE
	EndGlobalSection
	GlobalSection(ExtensibilityGlobals) = postSolution
		SolutionGuid = {69530C50-32A2-4233-A74B-FBB581CDD536}
	EndGlobalSection
EndGlobal
